
Microsoft Visual Studio Solution File, Format Version 12.00
# Visual Studio Version 16
VisualStudioVersion = 16.0.31624.102
MinimumVisualStudioVersion = 10.0.40219.1
Project("{9A19103F-16F7-4668-BE54-9A1E7A4F7556}") = "Entidades", "Entidades\Entidades.csproj", "{2B696B56-5119-4CE1-B01D-DD41E324A726}"
EndProject
Project("{FAE04EC0-301F-11D3-BF4B-00C04F79EFBC}") = "ClinicaUI", "ClinicaUI\ClinicaUI.csproj", "{8258E772-3DFA-43DF-BBE0-4B730ABA33C5}"
EndProject
Global
	GlobalSection(SolutionConfigurationPlatforms) = preSolution
		Debug|Any CPU = Debug|Any CPU
		Release|Any CPU = Release|Any CPU
	EndGlobalSection
	GlobalSection(ProjectConfigurationPlatforms) = postSolution
		{2B696B56-5119-4CE1-B01D-DD41E324A726}.Debug|Any CPU.ActiveCfg = Debug|Any CPU
		{2B696B56-5119-4CE1-B01D-DD41E324A726}.Debug|Any CPU.Build.0 = Debug|Any CPU
		{2B696B56-5119-4CE1-B01D-DD41E324A726}.Release|Any CPU.ActiveCfg = Release|Any CPU
		{2B696B56-5119-4CE1-B01D-DD41E324A726}.Release|Any CPU.Build.0 = Release|Any CPU
		{8258E772-3DFA-43DF-BBE0-4B730ABA33C5}.Debug|Any CPU.ActiveCfg = Debug|Any CPU
		{8258E772-3DFA-43DF-BBE0-4B730ABA33C5}.Debug|Any CPU.Build.0 = Debug|Any CPU
		{8258E772-3DFA-43DF-BBE0-4B730ABA33C5}.Release|Any CPU.ActiveCfg = Release|Any CPU
		{8258E772-3DFA-43DF-BBE0-4B730ABA33C5}.Release|Any CPU.Build.0 = Release|Any CPU
	EndGlobalSection
	GlobalSection(SolutionProperties) = preSolution
		HideSolutionNode = FALSE
	EndGlobalSection
	GlobalSection(ExtensibilityGlobals) = postSolution
		SolutionGuid = {85BC2246-E32E-4462-B46A-F2C7AEBD7BD4}
	EndGlobalSection
EndGlobal
